
Microsoft Visual Studio Solution File, Format Version 12.00
# Visual Studio 14
VisualStudioVersion = 14.0.23107.0
MinimumVisualStudioVersion = 10.0.40219.1
Project("{FAE04EC0-301F-11D3-BF4B-00C04F79EFBC}") = "JSON-RPC-Sample-Server", "JSON-RPC-Samlple-Server\JSON-RPC-Sample-Server.csproj", "{32390940-9073-4DAF-8650-7CA743FB460C}"
EndProject
Project("{FAE04EC0-301F-11D3-BF4B-00C04F79EFBC}") = "JSON-RPC-Sample-Client", "JSON-RPC-Sample-Client\JSON-RPC-Sample-Client.csproj", "{4E42E9CC-1FBC-4A40-B931-1AACCDA9DD89}"
EndProject
Global
	GlobalSection(SolutionConfigurationPlatforms) = preSolution
		Debug|Any CPU = Debug|Any CPU
		Release|Any CPU = Release|Any CPU
	EndGlobalSection
	GlobalSection(ProjectConfigurationPlatforms) = postSolution
		{32390940-9073-4DAF-8650-7CA743FB460C}.Debug|Any CPU.ActiveCfg = Debug|Any CPU
		{32390940-9073-4DAF-8650-7CA743FB460C}.Debug|Any CPU.Build.0 = Debug|Any CPU
		{32390940-9073-4DAF-8650-7CA743FB460C}.Release|Any CPU.ActiveCfg = Release|Any CPU
		{32390940-9073-4DAF-8650-7CA743FB460C}.Release|Any CPU.Build.0 = Release|Any CPU
		{4E42E9CC-1FBC-4A40-B931-1AACCDA9DD89}.Debug|Any CPU.ActiveCfg = Debug|Any CPU
		{4E42E9CC-1FBC-4A40-B931-1AACCDA9DD89}.Debug|Any CPU.Build.0 = Debug|Any CPU
		{4E42E9CC-1FBC-4A40-B931-1AACCDA9DD89}.Release|Any CPU.ActiveCfg = Release|Any CPU
		{4E42E9CC-1FBC-4A40-B931-1AACCDA9DD89}.Release|Any CPU.Build.0 = Release|Any CPU
	EndGlobalSection
	GlobalSection(SolutionProperties) = preSolution
		HideSolutionNode = FALSE
	EndGlobalSection
EndGlobal
